# This file is autogenerated, do not edit; changes may be undone by the next 'dep ensure'.


[[projects]]
  branch = "master"
  name = "github.com/aws/aws-lambda-go"
  packages = ["lambda","lambda/messages","lambdacontext"]
  revision = "ea03c2814414b2223eff860ed2286a83ed8a195c"

[solve-meta]
  analyzer-name = "dep"
  analyzer-version = 1
  inputs-digest = "8427e98c5a37c5c68892c28cad0065a019b49b4850b79215a5e7a18c4d17e90b"
  solver-name = "gps-cdcl"
  solver-version = 1
